
Microsoft Visual Studio Solution File, Format Version 12.00
# Visual Studio Version 16
VisualStudioVersion = 16.0.30523.141
MinimumVisualStudioVersion = 10.0.40219.1
Project("{FAE04EC0-301F-11D3-BF4B-00C04F79EFBC}") = "CW_DB_Frontend.Model", "CW_DB_Frontend.Model\CW_DB_Frontend.Model.csproj", "{B6EB4254-15A4-407C-B847-3C5B9584876D}"
EndProject
Project("{FAE04EC0-301F-11D3-BF4B-00C04F79EFBC}") = "CW_DB_Frontend.UI", "CW_DB_Frontend.UI\CW_DB_Frontend.UI.csproj", "{195E333D-59FE-432F-B0D1-0838E4408206}"
EndProject
Global
	GlobalSection(SolutionConfigurationPlatforms) = preSolution
		Debug|Any CPU = Debug|Any CPU
		Release|Any CPU = Release|Any CPU
	EndGlobalSection
	GlobalSection(ProjectConfigurationPlatforms) = postSolution
		{B6EB4254-15A4-407C-B847-3C5B9584876D}.Debug|Any CPU.ActiveCfg = Debug|Any CPU
		{B6EB4254-15A4-407C-B847-3C5B9584876D}.Debug|Any CPU.Build.0 = Debug|Any CPU
		{B6EB4254-15A4-407C-B847-3C5B9584876D}.Release|Any CPU.ActiveCfg = Release|Any CPU
		{B6EB4254-15A4-407C-B847-3C5B9584876D}.Release|Any CPU.Build.0 = Release|Any CPU
		{195E333D-59FE-432F-B0D1-0838E4408206}.Debug|Any CPU.ActiveCfg = Debug|Any CPU
		{195E333D-59FE-432F-B0D1-0838E4408206}.Debug|Any CPU.Build.0 = Debug|Any CPU
		{195E333D-59FE-432F-B0D1-0838E4408206}.Release|Any CPU.ActiveCfg = Release|Any CPU
		{195E333D-59FE-432F-B0D1-0838E4408206}.Release|Any CPU.Build.0 = Release|Any CPU
	EndGlobalSection
	GlobalSection(SolutionProperties) = preSolution
		HideSolutionNode = FALSE
	EndGlobalSection
	GlobalSection(ExtensibilityGlobals) = postSolution
		SolutionGuid = {7503B352-9AE3-4C63-9A5E-779DC01DA51C}
	EndGlobalSection
EndGlobal
